{
	"name": "df-rust",
	"version": "0.0.2",
	"lockfileVersion": 3,
	"requires": true,
	"packages": {
		"": {
			"name": "df-rust",
			"version": "0.0.2",
			"hasInstallScript": true,
			"license": "MIT",
			"dependencies": {
				"@napi-rs/cli": "^2.0.0"
			},
			"bin": {
				"node-df-rust": "bin.js"
			},
			"devDependencies": {
				"@types/node": "^24.0.8"
			}
		},
		"node_modules/@napi-rs/cli": {
			"version": "2.18.4",
			"resolved": "https://registry.npmmirror.com/@napi-rs/cli/-/cli-2.18.4.tgz",
			"integrity": "sha512-SgJeA4df9DE2iAEpr3M2H0OKl/yjtg1BnRI5/JyowS71tUWhrfSu2LT0V3vlHET+g1hBVlrO60PmEXwUEKp8Mg==",
			"license": "MIT",
			"bin": {
				"napi": "scripts/index.js"
			},
			"engines": {
				"node": ">= 10"
			},
			"funding": {
				"type": "github",
				"url": "https://github.com/sponsors/Brooooooklyn"
			}
		},
		"node_modules/@types/node": {
			"version": "24.0.8",
			"resolved": "https://registry.npmmirror.com/@types/node/-/node-24.0.8.tgz",
			"integrity": "sha512-WytNrFSgWO/esSH9NbpWUfTMGQwCGIKfCmNlmFDNiI5gGhgMmEA+V1AEvKLeBNvvtBnailJtkrEa2OIISwrVAA==",
			"dev": true,
			"dependencies": {
				"undici-types": "~7.8.0"
			}
		},
		"node_modules/undici-types": {
			"version": "7.8.0",
			"resolved": "https://registry.npmmirror.com/undici-types/-/undici-types-7.8.0.tgz",
			"integrity": "sha512-9UJ2xGDvQ43tYyVMpuHlsgApydB8ZKfVYTsLDhXkFL/6gfkp+U8xTGdh8pMJv1SpZna0zxG1DwsKZsreLbXBxw==",
			"dev": true
		}
	}
}
